
Microsoft Visual Studio Solution File, Format Version 12.00
# Visual Studio Version 16
VisualStudioVersion = 16.0.32126.315
MinimumVisualStudioVersion = 10.0.40219.1
Project("{FAE04EC0-301F-11D3-BF4B-00C04F79EFBC}") = "Estudiantes", "Estudiantes\Estudiantes.csproj", "{7ACDC108-2F85-407B-9FCD-F46A24402F66}"
EndProject
Project("{FAE04EC0-301F-11D3-BF4B-00C04F79EFBC}") = "Data", "Data\Data.csproj", "{96113F83-292E-4FC2-A806-88A9127C9BD0}"
EndProject
Project("{FAE04EC0-301F-11D3-BF4B-00C04F79EFBC}") = "Logica1", "Logica1\Logica1.csproj", "{ECBE02DC-5F9D-49E3-B885-A1FAAAE9A1D9}"
EndProject
Global
	GlobalSection(SolutionConfigurationPlatforms) = preSolution
		Debug|Any CPU = Debug|Any CPU
		Release|Any CPU = Release|Any CPU
	EndGlobalSection
	GlobalSection(ProjectConfigurationPlatforms) = postSolution
		{7ACDC108-2F85-407B-9FCD-F46A24402F66}.Debug|Any CPU.ActiveCfg = Debug|Any CPU
		{7ACDC108-2F85-407B-9FCD-F46A24402F66}.Debug|Any CPU.Build.0 = Debug|Any CPU
		{7ACDC108-2F85-407B-9FCD-F46A24402F66}.Release|Any CPU.ActiveCfg = Release|Any CPU
		{7ACDC108-2F85-407B-9FCD-F46A24402F66}.Release|Any CPU.Build.0 = Release|Any CPU
		{96113F83-292E-4FC2-A806-88A9127C9BD0}.Debug|Any CPU.ActiveCfg = Debug|Any CPU
		{96113F83-292E-4FC2-A806-88A9127C9BD0}.Debug|Any CPU.Build.0 = Debug|Any CPU
		{96113F83-292E-4FC2-A806-88A9127C9BD0}.Release|Any CPU.ActiveCfg = Release|Any CPU
		{96113F83-292E-4FC2-A806-88A9127C9BD0}.Release|Any CPU.Build.0 = Release|Any CPU
		{ECBE02DC-5F9D-49E3-B885-A1FAAAE9A1D9}.Debug|Any CPU.ActiveCfg = Debug|Any CPU
		{ECBE02DC-5F9D-49E3-B885-A1FAAAE9A1D9}.Debug|Any CPU.Build.0 = Debug|Any CPU
		{ECBE02DC-5F9D-49E3-B885-A1FAAAE9A1D9}.Release|Any CPU.ActiveCfg = Release|Any CPU
		{ECBE02DC-5F9D-49E3-B885-A1FAAAE9A1D9}.Release|Any CPU.Build.0 = Release|Any CPU
	EndGlobalSection
	GlobalSection(SolutionProperties) = preSolution
		HideSolutionNode = FALSE
	EndGlobalSection
	GlobalSection(ExtensibilityGlobals) = postSolution
		SolutionGuid = {304F0E8A-2CED-4A10-97AD-B065D333950B}
	EndGlobalSection
EndGlobal
